
Microsoft Visual Studio Solution File, Format Version 12.00
# Visual Studio Express 2012 for Windows Desktop
Project("{FAE04EC0-301F-11D3-BF4B-00C04F79EFBC}") = "MELHARFI", "MELHARFI\MELHARFI.csproj", "{43274663-6680-4687-AC90-D60A7DCB9D72}"
EndProject
Global
	GlobalSection(SolutionConfigurationPlatforms) = preSolution
		Debug|Any CPU = Debug|Any CPU
		Release|Any CPU = Release|Any CPU
	EndGlobalSection
	GlobalSection(ProjectConfigurationPlatforms) = postSolution
		{43274663-6680-4687-AC90-D60A7DCB9D72}.Debug|Any CPU.ActiveCfg = Debug|Any CPU
		{43274663-6680-4687-AC90-D60A7DCB9D72}.Debug|Any CPU.Build.0 = Debug|Any CPU
		{43274663-6680-4687-AC90-D60A7DCB9D72}.Release|Any CPU.ActiveCfg = Release|Any CPU
		{43274663-6680-4687-AC90-D60A7DCB9D72}.Release|Any CPU.Build.0 = Release|Any CPU
	EndGlobalSection
	GlobalSection(SolutionProperties) = preSolution
		HideSolutionNode = FALSE
	EndGlobalSection
EndGlobal
